// !$*UTF8*$!
{
	archiveVersion = 1;
	classes = {
	};
	objectVersion = 51;
	objects = {

/* Begin PBXBuildFile section */
		D8526CAE248DE8260056A13C /* AppDelegate.m in Sources */ = {isa = PBXBuildFile; fileRef = D8526CAD248DE8260056A13C /* AppDelegate.m */; };
		D8526CB9248DE8270056A13C /* Assets.xcassets in Resources */ = {isa = PBXBuildFile; fileRef = D8526CB8248DE8270056A13C /* Assets.xcassets */; };
		D8526CBC248DE8270056A13C /* LaunchScreen.storyboard in Resources */ = {isa = PBXBuildFile; fileRef = D8526CBA248DE8270056A13C /* LaunchScreen.storyboard */; };
		D8526CBF248DE8270056A13C /* main.m in Sources */ = {isa = PBXBuildFile; fileRef = D8526CBE248DE8270056A13C /* main.m */; };
		D8526CED248DFEEA0056A13C /* OdinPushSDK.framework in Frameworks */ = {isa = PBXBuildFile; fileRef = D8526CC6248DFEE80056A13C /* OdinPushSDK.framework */; };
		D8526CEE248DFEEA0056A13C /* OdinDomainSecurity.framework in Frameworks */ = {isa = PBXBuildFile; fileRef = D8526CC8248DFEE80056A13C /* OdinDomainSecurity.framework */; };
		D8526CEF248DFEEA0056A13C /* ODPHomeViewController.m in Sources */ = {isa = PBXBuildFile; fileRef = D8526CCA248DFEE80056A13C /* ODPHomeViewController.m */; };
		D8526CF0248DFEEA0056A13C /* ODPHomeCell.xib in Resources */ = {isa = PBXBuildFile; fileRef = D8526CCC248DFEE80056A13C /* ODPHomeCell.xib */; };
		D8526CF1248DFEEA0056A13C /* ODPHomeCell.m in Sources */ = {isa = PBXBuildFile; fileRef = D8526CCD248DFEE80056A13C /* ODPHomeCell.m */; };
		D8526CF2248DFEEA0056A13C /* ODPTimeTableViewCell.m in Sources */ = {isa = PBXBuildFile; fileRef = D8526CD4248DFEE90056A13C /* ODPTimeTableViewCell.m */; };
		D8526CF3248DFEEA0056A13C /* MBProgressHUD.m in Sources */ = {isa = PBXBuildFile; fileRef = D8526CD6248DFEE90056A13C /* MBProgressHUD.m */; };
		D8526CF4248DFEEA0056A13C /* MBProgressHUD+Extension.m in Sources */ = {isa = PBXBuildFile; fileRef = D8526CD9248DFEE90056A13C /* MBProgressHUD+Extension.m */; };
		D8526CF5248DFEEA0056A13C /* ODPAlertViewController.m in Sources */ = {isa = PBXBuildFile; fileRef = D8526CDB248DFEE90056A13C /* ODPAlertViewController.m */; };
		D8526CF6248DFEEA0056A13C /* UIColor+ODExtension.m in Sources */ = {isa = PBXBuildFile; fileRef = D8526CDD248DFEE90056A13C /* UIColor+ODExtension.m */; };
		D8526CF7248DFEEA0056A13C /* ODRestoreViewController.m in Sources */ = {isa = PBXBuildFile; fileRef = D8526CE1248DFEEA0056A13C /* ODRestoreViewController.m */; };
		D8526CF8248DFEEA0056A13C /* ODOpenPageViewController.m in Sources */ = {isa = PBXBuildFile; fileRef = D8526CE2248DFEEA0056A13C /* ODOpenPageViewController.m */; };
		D8526CF9248DFEEA0056A13C /* WebViewController.m in Sources */ = {isa = PBXBuildFile; fileRef = D8526CE3248DFEEA0056A13C /* WebViewController.m */; };
		D8526CFA248DFEEA0056A13C /* ODRestoreViewController.xib in Resources */ = {isa = PBXBuildFile; fileRef = D8526CE5248DFEEA0056A13C /* ODRestoreViewController.xib */; };
		D8526CFB248DFEEA0056A13C /* ODOpenPageViewController.xib in Resources */ = {isa = PBXBuildFile; fileRef = D8526CE6248DFEEA0056A13C /* ODOpenPageViewController.xib */; };
		D8526CFD248DFEEA0056A13C /* ODPushViewController.m in Sources */ = {isa = PBXBuildFile; fileRef = D8526CEA248DFEEA0056A13C /* ODPushViewController.m */; };
		D8526CFE248DFEEA0056A13C /* ODNavigationViewController.m in Sources */ = {isa = PBXBuildFile; fileRef = D8526CEC248DFEEA0056A13C /* ODNavigationViewController.m */; };
		D8526D00248DFFBA0056A13C /* libc++.tbd in Frameworks */ = {isa = PBXBuildFile; fileRef = D8526CFF248DFFB40056A13C /* libc++.tbd */; };
		D8526D02248DFFD10056A13C /* libz.1.2.5.tbd in Frameworks */ = {isa = PBXBuildFile; fileRef = D8526D01248DFFC90056A13C /* libz.1.2.5.tbd */; };
/* End PBXBuildFile section */

/* Begin PBXFileReference section */
		AB3885FF9E06EFD6B0C079B5 /* Pods_ODPushSDKSample.framework */ = {isa = PBXFileReference; explicitFileType = wrapper.framework; includeInIndex = 0; path = Pods_ODPushSDKSample.framework; sourceTree = BUILT_PRODUCTS_DIR; };
		D8526CA9248DE8260056A13C /* ODPushSDKSample.app */ = {isa = PBXFileReference; explicitFileType = wrapper.application; includeInIndex = 0; path = ODPushSDKSample.app; sourceTree = BUILT_PRODUCTS_DIR; };
		D8526CAC248DE8260056A13C /* AppDelegate.h */ = {isa = PBXFileReference; lastKnownFileType = sourcecode.c.h; path = AppDelegate.h; sourceTree = "<group>"; };
		D8526CAD248DE8260056A13C /* AppDelegate.m */ = {isa = PBXFileReference; lastKnownFileType = sourcecode.c.objc; path = AppDelegate.m; sourceTree = "<group>"; };
		D8526CB8248DE8270056A13C /* Assets.xcassets */ = {isa = PBXFileReference; lastKnownFileType = folder.assetcatalog; path = Assets.xcassets; sourceTree = "<group>"; };
		D8526CBB248DE8270056A13C /* Base */ = {isa = PBXFileReference; lastKnownFileType = file.storyboard; name = Base; path = Base.lproj/LaunchScreen.storyboard; sourceTree = "<group>"; };
		D8526CBD248DE8270056A13C /* Info.plist */ = {isa = PBXFileReference; lastKnownFileType = text.plist.xml; path = Info.plist; sourceTree = "<group>"; };
		D8526CBE248DE8270056A13C /* main.m */ = {isa = PBXFileReference; lastKnownFileType = sourcecode.c.objc; path = main.m; sourceTree = "<group>"; };
		D8526CC6248DFEE80056A13C /* OdinPushSDK.framework */ = {isa = PBXFileReference; lastKnownFileType = wrapper.framework; path = OdinPushSDK.framework; sourceTree = "<group>"; };
		D8526CC8248DFEE80056A13C /* OdinDomainSecurity.framework */ = {isa = PBXFileReference; lastKnownFileType = wrapper.framework; path = OdinDomainSecurity.framework; sourceTree = "<group>"; };
		D8526CCA248DFEE80056A13C /* ODPHomeViewController.m */ = {isa = PBXFileReference; fileEncoding = 4; lastKnownFileType = sourcecode.c.objc; path = ODPHomeViewController.m; sourceTree = "<group>"; };
		D8526CCC248DFEE80056A13C /* ODPHomeCell.xib */ = {isa = PBXFileReference; fileEncoding = 4; lastKnownFileType = file.xib; path = ODPHomeCell.xib; sourceTree = "<group>"; };
		D8526CCD248DFEE80056A13C /* ODPHomeCell.m */ = {isa = PBXFileReference; fileEncoding = 4; lastKnownFileType = sourcecode.c.objc; path = ODPHomeCell.m; sourceTree = "<group>"; };
		D8526CCE248DFEE80056A13C /* ODPHomeCell.h */ = {isa = PBXFileReference; fileEncoding = 4; lastKnownFileType = sourcecode.c.h; path = ODPHomeCell.h; sourceTree = "<group>"; };
		D8526CCF248DFEE80056A13C /* ODPHomeViewController.h */ = {isa = PBXFileReference; fileEncoding = 4; lastKnownFileType = sourcecode.c.h; path = ODPHomeViewController.h; sourceTree = "<group>"; };
		D8526CD0248DFEE80056A13C /* ODNavigationViewController.h */ = {isa = PBXFileReference; fileEncoding = 4; lastKnownFileType = sourcecode.c.h; path = ODNavigationViewController.h; sourceTree = "<group>"; };
		D8526CD2248DFEE90056A13C /* ODPAlertViewController.h */ = {isa = PBXFileReference; fileEncoding = 4; lastKnownFileType = sourcecode.c.h; path = ODPAlertViewController.h; sourceTree = "<group>"; };
		D8526CD4248DFEE90056A13C /* ODPTimeTableViewCell.m */ = {isa = PBXFileReference; fileEncoding = 4; lastKnownFileType = sourcecode.c.objc; path = ODPTimeTableViewCell.m; sourceTree = "<group>"; };
		D8526CD6248DFEE90056A13C /* MBProgressHUD.m */ = {isa = PBXFileReference; fileEncoding = 4; lastKnownFileType = sourcecode.c.objc; path = MBProgressHUD.m; sourceTree = "<group>"; };
		D8526CD7248DFEE90056A13C /* MBProgressHUD+Extension.h */ = {isa = PBXFileReference; fileEncoding = 4; lastKnownFileType = sourcecode.c.h; path = "MBProgressHUD+Extension.h"; sourceTree = "<group>"; };
		D8526CD8248DFEE90056A13C /* MBProgressHUD.h */ = {isa = PBXFileReference; fileEncoding = 4; lastKnownFileType = sourcecode.c.h; path = MBProgressHUD.h; sourceTree = "<group>"; };
		D8526CD9248DFEE90056A13C /* MBProgressHUD+Extension.m */ = {isa = PBXFileReference; fileEncoding = 4; lastKnownFileType = sourcecode.c.objc; path = "MBProgressHUD+Extension.m"; sourceTree = "<group>"; };
		D8526CDA248DFEE90056A13C /* ODPTimeTableViewCell.h */ = {isa = PBXFileReference; fileEncoding = 4; lastKnownFileType = sourcecode.c.h; path = ODPTimeTableViewCell.h; sourceTree = "<group>"; };
		D8526CDB248DFEE90056A13C /* ODPAlertViewController.m */ = {isa = PBXFileReference; fileEncoding = 4; lastKnownFileType = sourcecode.c.objc; path = ODPAlertViewController.m; sourceTree = "<group>"; };
		D8526CDD248DFEE90056A13C /* UIColor+ODExtension.m */ = {isa = PBXFileReference; fileEncoding = 4; lastKnownFileType = sourcecode.c.objc; path = "UIColor+ODExtension.m"; sourceTree = "<group>"; };
		D8526CDE248DFEE90056A13C /* UIColor+ODExtension.h */ = {isa = PBXFileReference; fileEncoding = 4; lastKnownFileType = sourcecode.c.h; path = "UIColor+ODExtension.h"; sourceTree = "<group>"; };
		D8526CDF248DFEE90056A13C /* ODPushHeader.h */ = {isa = PBXFileReference; fileEncoding = 4; lastKnownFileType = sourcecode.c.h; path = ODPushHeader.h; sourceTree = "<group>"; };
		D8526CE1248DFEEA0056A13C /* ODRestoreViewController.m */ = {isa = PBXFileReference; fileEncoding = 4; lastKnownFileType = sourcecode.c.objc; path = ODRestoreViewController.m; sourceTree = "<group>"; };
		D8526CE2248DFEEA0056A13C /* ODOpenPageViewController.m */ = {isa = PBXFileReference; fileEncoding = 4; lastKnownFileType = sourcecode.c.objc; path = ODOpenPageViewController.m; sourceTree = "<group>"; };
		D8526CE3248DFEEA0056A13C /* WebViewController.m */ = {isa = PBXFileReference; fileEncoding = 4; lastKnownFileType = sourcecode.c.objc; path = WebViewController.m; sourceTree = "<group>"; };
		D8526CE4248DFEEA0056A13C /* ODPushViewController.h */ = {isa = PBXFileReference; fileEncoding = 4; lastKnownFileType = sourcecode.c.h; path = ODPushViewController.h; sourceTree = "<group>"; };
		D8526CE5248DFEEA0056A13C /* ODRestoreViewController.xib */ = {isa = PBXFileReference; fileEncoding = 4; lastKnownFileType = file.xib; path = ODRestoreViewController.xib; sourceTree = "<group>"; };
		D8526CE6248DFEEA0056A13C /* ODOpenPageViewController.xib */ = {isa = PBXFileReference; fileEncoding = 4; lastKnownFileType = file.xib; path = ODOpenPageViewController.xib; sourceTree = "<group>"; };
		D8526CE8248DFEEA0056A13C /* ODOpenPageViewController.h */ = {isa = PBXFileReference; fileEncoding = 4; lastKnownFileType = sourcecode.c.h; path = ODOpenPageViewController.h; sourceTree = "<group>"; };
		D8526CE9248DFEEA0056A13C /* ODRestoreViewController.h */ = {isa = PBXFileReference; fileEncoding = 4; lastKnownFileType = sourcecode.c.h; path = ODRestoreViewController.h; sourceTree = "<group>"; };
		D8526CEA248DFEEA0056A13C /* ODPushViewController.m */ = {isa = PBXFileReference; fileEncoding = 4; lastKnownFileType = sourcecode.c.objc; path = ODPushViewController.m; sourceTree = "<group>"; };
		D8526CEB248DFEEA0056A13C /* WebViewController.h */ = {isa = PBXFileReference; fileEncoding = 4; lastKnownFileType = sourcecode.c.h; path = WebViewController.h; sourceTree = "<group>"; };
		D8526CEC248DFEEA0056A13C /* ODNavigationViewController.m */ = {isa = PBXFileReference; fileEncoding = 4; lastKnownFileType = sourcecode.c.objc; path = ODNavigationViewController.m; sourceTree = "<group>"; };
		D8526CFF248DFFB40056A13C /* libc++.tbd */ = {isa = PBXFileReference; lastKnownFileType = "sourcecode.text-based-dylib-definition"; name = "libc++.tbd"; path = "usr/lib/libc++.tbd"; sourceTree = SDKROOT; };
		D8526D01248DFFC90056A13C /* libz.1.2.5.tbd */ = {isa = PBXFileReference; lastKnownFileType = "sourcecode.text-based-dylib-definition"; name = libz.1.2.5.tbd; path = usr/lib/libz.1.2.5.tbd; sourceTree = SDKROOT; };
		D8526D03248DFFE40056A13C /* ODPushSDKSample.entitlements */ = {isa = PBXFileReference; lastKnownFileType = text.plist.entitlements; path = ODPushSDKSample.entitlements; sourceTree = "<group>"; };
		DEC2408B46B9F2C246D9B86F /* Pods-ODPushSDKSample.debug.xcconfig */ = {isa = PBXFileReference; includeInIndex = 1; lastKnownFileType = text.xcconfig; name = "Pods-ODPushSDKSample.debug.xcconfig"; path = "Target Support Files/Pods-ODPushSDKSample/Pods-ODPushSDKSample.debug.xcconfig"; sourceTree = "<group>"; };
		E7449D40C10E8A3BB1E99A6E /* Pods-ODPushSDKSample.release.xcconfig */ = {isa = PBXFileReference; includeInIndex = 1; lastKnownFileType = text.xcconfig; name = "Pods-ODPushSDKSample.release.xcconfig"; path = "Target Support Files/Pods-ODPushSDKSample/Pods-ODPushSDKSample.release.xcconfig"; sourceTree = "<group>"; };
/* End PBXFileReference section */

/* Begin PBXFrameworksBuildPhase section */
		D8526CA6248DE8260056A13C /* Frameworks */ = {
			isa = PBXFrameworksBuildPhase;
			buildActionMask = 2147483647;
			files = (
				D8526CEE248DFEEA0056A13C /* OdinDomainSecurity.framework in Frameworks */,
				D8526D02248DFFD10056A13C /* libz.1.2.5.tbd in Frameworks */,
				D8526D00248DFFBA0056A13C /* libc++.tbd in Frameworks */,
				D8526CED248DFEEA0056A13C /* OdinPushSDK.framework in Frameworks */,
			);
			runOnlyForDeploymentPostprocessing = 0;
		};
/* End PBXFrameworksBuildPhase section */

/* Begin PBXGroup section */
		87CB0B7091CDFE833C0D5C80 /* Pods */ = {
			isa = PBXGroup;
			children = (
				DEC2408B46B9F2C246D9B86F /* Pods-ODPushSDKSample.debug.xcconfig */,
				E7449D40C10E8A3BB1E99A6E /* Pods-ODPushSDKSample.release.xcconfig */,
			);
			path = Pods;
			sourceTree = "<group>";
		};
		9EB70057DC532668595ABAE8 /* Frameworks */ = {
			isa = PBXGroup;
			children = (
				D8526D01248DFFC90056A13C /* libz.1.2.5.tbd */,
				D8526CFF248DFFB40056A13C /* libc++.tbd */,
				AB3885FF9E06EFD6B0C079B5 /* Pods_ODPushSDKSample.framework */,
			);
			name = Frameworks;
			sourceTree = "<group>";
		};
		D8526CA0248DE8260056A13C = {
			isa = PBXGroup;
			children = (
				D8526CAB248DE8260056A13C /* ODPushSDKSample */,
				D8526CAA248DE8260056A13C /* Products */,
				87CB0B7091CDFE833C0D5C80 /* Pods */,
				9EB70057DC532668595ABAE8 /* Frameworks */,
			);
			sourceTree = "<group>";
		};
		D8526CAA248DE8260056A13C /* Products */ = {
			isa = PBXGroup;
			children = (
				D8526CA9248DE8260056A13C /* ODPushSDKSample.app */,
			);
			name = Products;
			sourceTree = "<group>";
		};
		D8526CAB248DE8260056A13C /* ODPushSDKSample */ = {
			isa = PBXGroup;
			children = (
				D8526D03248DFFE40056A13C /* ODPushSDKSample.entitlements */,
				D8526CD1248DFEE90056A13C /* Common */,
				D8526CC9248DFEE80056A13C /* Home */,
				D8526CE0248DFEE90056A13C /* Push */,
				D8526CC5248DFEE80056A13C /* SDK */,
				D8526CDC248DFEE90056A13C /* UItils */,
				D8526CAC248DE8260056A13C /* AppDelegate.h */,
				D8526CAD248DE8260056A13C /* AppDelegate.m */,
				D8526CD0248DFEE80056A13C /* ODNavigationViewController.h */,
				D8526CEC248DFEEA0056A13C /* ODNavigationViewController.m */,
				D8526CDF248DFEE90056A13C /* ODPushHeader.h */,
				D8526CB8248DE8270056A13C /* Assets.xcassets */,
				D8526CBA248DE8270056A13C /* LaunchScreen.storyboard */,
				D8526CBD248DE8270056A13C /* Info.plist */,
				D8526CBE248DE8270056A13C /* main.m */,
			);
			path = ODPushSDKSample;
			sourceTree = "<group>";
		};
		D8526CC5248DFEE80056A13C /* SDK */ = {
			isa = PBXGroup;
			children = (
				D8526CC6248DFEE80056A13C /* OdinPushSDK.framework */,
				D8526CC7248DFEE80056A13C /* Require */,
			);
			path = SDK;
			sourceTree = "<group>";
		};
		D8526CC7248DFEE80056A13C /* Require */ = {
			isa = PBXGroup;
			children = (
				D8526CC8248DFEE80056A13C /* OdinDomainSecurity.framework */,
			);
			path = Require;
			sourceTree = "<group>";
		};
		D8526CC9248DFEE80056A13C /* Home */ = {
			isa = PBXGroup;
			children = (
				D8526CCF248DFEE80056A13C /* ODPHomeViewController.h */,
				D8526CCA248DFEE80056A13C /* ODPHomeViewController.m */,
				D8526CCB248DFEE80056A13C /* View */,
			);
			path = Home;
			sourceTree = "<group>";
		};
		D8526CCB248DFEE80056A13C /* View */ = {
			isa = PBXGroup;
			children = (
				D8526CCC248DFEE80056A13C /* ODPHomeCell.xib */,
				D8526CCD248DFEE80056A13C /* ODPHomeCell.m */,
				D8526CCE248DFEE80056A13C /* ODPHomeCell.h */,
			);
			path = View;
			sourceTree = "<group>";
		};
		D8526CD1248DFEE90056A13C /* Common */ = {
			isa = PBXGroup;
			children = (
				D8526CD2248DFEE90056A13C /* ODPAlertViewController.h */,
				D8526CD3248DFEE90056A13C /* View */,
				D8526CDB248DFEE90056A13C /* ODPAlertViewController.m */,
			);
			path = Common;
			sourceTree = "<group>";
		};
		D8526CD3248DFEE90056A13C /* View */ = {
			isa = PBXGroup;
			children = (
				D8526CD4248DFEE90056A13C /* ODPTimeTableViewCell.m */,
				D8526CD5248DFEE90056A13C /* MBProgressHUD */,
				D8526CDA248DFEE90056A13C /* ODPTimeTableViewCell.h */,
			);
			path = View;
			sourceTree = "<group>";
		};
		D8526CD5248DFEE90056A13C /* MBProgressHUD */ = {
			isa = PBXGroup;
			children = (
				D8526CD6248DFEE90056A13C /* MBProgressHUD.m */,
				D8526CD7248DFEE90056A13C /* MBProgressHUD+Extension.h */,
				D8526CD8248DFEE90056A13C /* MBProgressHUD.h */,
				D8526CD9248DFEE90056A13C /* MBProgressHUD+Extension.m */,
			);
			path = MBProgressHUD;
			sourceTree = "<group>";
		};
		D8526CDC248DFEE90056A13C /* UItils */ = {
			isa = PBXGroup;
			children = (
				D8526CDD248DFEE90056A13C /* UIColor+ODExtension.m */,
				D8526CDE248DFEE90056A13C /* UIColor+ODExtension.h */,
			);
			path = UItils;
			sourceTree = "<group>";
		};
		D8526CE0248DFEE90056A13C /* Push */ = {
			isa = PBXGroup;
			children = (
				D8526CE1248DFEEA0056A13C /* ODRestoreViewController.m */,
				D8526CE2248DFEEA0056A13C /* ODOpenPageViewController.m */,
				D8526CE3248DFEEA0056A13C /* WebViewController.m */,
				D8526CE4248DFEEA0056A13C /* ODPushViewController.h */,
				D8526CE5248DFEEA0056A13C /* ODRestoreViewController.xib */,
				D8526CE6248DFEEA0056A13C /* ODOpenPageViewController.xib */,
				D8526CE8248DFEEA0056A13C /* ODOpenPageViewController.h */,
				D8526CE9248DFEEA0056A13C /* ODRestoreViewController.h */,
				D8526CEA248DFEEA0056A13C /* ODPushViewController.m */,
				D8526CEB248DFEEA0056A13C /* WebViewController.h */,
			);
			path = Push;
			sourceTree = "<group>";
		};
/* End PBXGroup section */

/* Begin PBXNativeTarget section */
		D8526CA8248DE8260056A13C /* ODPushSDKSample */ = {
			isa = PBXNativeTarget;
			buildConfigurationList = D8526CC2248DE8270056A13C /* Build configuration list for PBXNativeTarget "ODPushSDKSample" */;
			buildPhases = (
				1913EA6B1CD1CFBE4938BED9 /* [CP] Check Pods Manifest.lock */,
				D8526CA5248DE8260056A13C /* Sources */,
				D8526CA6248DE8260056A13C /* Frameworks */,
				D8526CA7248DE8260056A13C /* Resources */,
				62C5B94DE002EA76409288D8 /* [CP] Embed Pods Frameworks */,
			);
			buildRules = (
			);
			dependencies = (
			);
			name = ODPushSDKSample;
			productName = ODPushSDKSample;
			productReference = D8526CA9248DE8260056A13C /* ODPushSDKSample.app */;
			productType = "com.apple.product-type.application";
		};
/* End PBXNativeTarget section */

/* Begin PBXProject section */
		D8526CA1248DE8260056A13C /* Project object */ = {
			isa = PBXProject;
			attributes = {
				LastUpgradeCheck = 1120;
				ORGANIZATIONNAME = odin;
				TargetAttributes = {
					D8526CA8248DE8260056A13C = {
						CreatedOnToolsVersion = 11.2.1;
					};
				};
			};
			buildConfigurationList = D8526CA4248DE8260056A13C /* Build configuration list for PBXProject "ODPushSDKSample" */;
			compatibilityVersion = "Xcode 9.3";
			developmentRegion = en;
			hasScannedForEncodings = 0;
			knownRegions = (
				en,
				Base,
			);
			mainGroup = D8526CA0248DE8260056A13C;
			productRefGroup = D8526CAA248DE8260056A13C /* Products */;
			projectDirPath = "";
			projectRoot = "";
			targets = (
				D8526CA8248DE8260056A13C /* ODPushSDKSample */,
			);
		};
/* End PBXProject section */

/* Begin PBXResourcesBuildPhase section */
		D8526CA7248DE8260056A13C /* Resources */ = {
			isa = PBXResourcesBuildPhase;
			buildActionMask = 2147483647;
			files = (
				D8526CF0248DFEEA0056A13C /* ODPHomeCell.xib in Resources */,
				D8526CBC248DE8270056A13C /* LaunchScreen.storyboard in Resources */,
				D8526CFA248DFEEA0056A13C /* ODRestoreViewController.xib in Resources */,
				D8526CB9248DE8270056A13C /* Assets.xcassets in Resources */,
				D8526CFB248DFEEA0056A13C /* ODOpenPageViewController.xib in Resources */,
			);
			runOnlyForDeploymentPostprocessing = 0;
		};
/* End PBXResourcesBuildPhase section */

/* Begin PBXShellScriptBuildPhase section */
		1913EA6B1CD1CFBE4938BED9 /* [CP] Check Pods Manifest.lock */ = {
			isa = PBXShellScriptBuildPhase;
			buildActionMask = 2147483647;
			files = (
			);
			inputFileListPaths = (
			);
			inputPaths = (
				"${PODS_PODFILE_DIR_PATH}/Podfile.lock",
				"${PODS_ROOT}/Manifest.lock",
			);
			name = "[CP] Check Pods Manifest.lock";
			outputFileListPaths = (
			);
			outputPaths = (
				"$(DERIVED_FILE_DIR)/Pods-ODPushSDKSample-checkManifestLockResult.txt",
			);
			runOnlyForDeploymentPostprocessing = 0;
			shellPath = /bin/sh;
			shellScript = "diff \"${PODS_PODFILE_DIR_PATH}/Podfile.lock\" \"${PODS_ROOT}/Manifest.lock\" > /dev/null\nif [ $? != 0 ] ; then\n    # print error to STDERR\n    echo \"error: The sandbox is not in sync with the Podfile.lock. Run 'pod install' or update your CocoaPods installation.\" >&2\n    exit 1\nfi\n# This output is used by Xcode 'outputs' to avoid re-running this script phase.\necho \"SUCCESS\" > \"${SCRIPT_OUTPUT_FILE_0}\"\n";
			showEnvVarsInLog = 0;
		};
		62C5B94DE002EA76409288D8 /* [CP] Embed Pods Frameworks */ = {
			isa = PBXShellScriptBuildPhase;
			buildActionMask = 2147483647;
			files = (
			);
			inputFileListPaths = (
				"${PODS_ROOT}/Target Support Files/Pods-ODPushSDKSample/Pods-ODPushSDKSample-frameworks-${CONFIGURATION}-input-files.xcfilelist",
			);
			name = "[CP] Embed Pods Frameworks";
			outputFileListPaths = (
				"${PODS_ROOT}/Target Support Files/Pods-ODPushSDKSample/Pods-ODPushSDKSample-frameworks-${CONFIGURATION}-output-files.xcfilelist",
			);
			runOnlyForDeploymentPostprocessing = 0;
			shellPath = /bin/sh;
			shellScript = "\"${PODS_ROOT}/Target Support Files/Pods-ODPushSDKSample/Pods-ODPushSDKSample-frameworks.sh\"\n";
			showEnvVarsInLog = 0;
		};
/* End PBXShellScriptBuildPhase section */

/* Begin PBXSourcesBuildPhase section */
		D8526CA5248DE8260056A13C /* Sources */ = {
			isa = PBXSourcesBuildPhase;
			buildActionMask = 2147483647;
			files = (
				D8526CF7248DFEEA0056A13C /* ODRestoreViewController.m in Sources */,
				D8526CF1248DFEEA0056A13C /* ODPHomeCell.m in Sources */,
				D8526CF3248DFEEA0056A13C /* MBProgressHUD.m in Sources */,
				D8526CF2248DFEEA0056A13C /* ODPTimeTableViewCell.m in Sources */,
				D8526CF8248DFEEA0056A13C /* ODOpenPageViewController.m in Sources */,
				D8526CAE248DE8260056A13C /* AppDelegate.m in Sources */,
				D8526CBF248DE8270056A13C /* main.m in Sources */,
				D8526CF9248DFEEA0056A13C /* WebViewController.m in Sources */,
				D8526CFD248DFEEA0056A13C /* ODPushViewController.m in Sources */,
				D8526CF5248DFEEA0056A13C /* ODPAlertViewController.m in Sources */,
				D8526CF4248DFEEA0056A13C /* MBProgressHUD+Extension.m in Sources */,
				D8526CFE248DFEEA0056A13C /* ODNavigationViewController.m in Sources */,
				D8526CF6248DFEEA0056A13C /* UIColor+ODExtension.m in Sources */,
				D8526CEF248DFEEA0056A13C /* ODPHomeViewController.m in Sources */,
			);
			runOnlyForDeploymentPostprocessing = 0;
		};
/* End PBXSourcesBuildPhase section */

/* Begin PBXVariantGroup section */
		D8526CBA248DE8270056A13C /* LaunchScreen.storyboard */ = {
			isa = PBXVariantGroup;
			children = (
				D8526CBB248DE8270056A13C /* Base */,
			);
			name = LaunchScreen.storyboard;
			sourceTree = "<group>";
		};
/* End PBXVariantGroup section */

/* Begin XCBuildConfiguration section */
		D8526CC0248DE8270056A13C /* Debug */ = {
			isa = XCBuildConfiguration;
			buildSettings = {
				ALWAYS_SEARCH_USER_PATHS = NO;
				CLANG_ANALYZER_NONNULL = YES;
				CLANG_ANALYZER_NUMBER_OBJECT_CONVERSION = YES_AGGRESSIVE;
				CLANG_CXX_LANGUAGE_STANDARD = "gnu++14";
				CLANG_CXX_LIBRARY = "libc++";
				CLANG_ENABLE_MODULES = YES;
				CLANG_ENABLE_OBJC_ARC = YES;
				CLANG_ENABLE_OBJC_WEAK = YES;
				CLANG_WARN_BLOCK_CAPTURE_AUTORELEASING = YES;
				CLANG_WARN_BOOL_CONVERSION = YES;
				CLANG_WARN_COMMA = YES;
				CLANG_WARN_CONSTANT_CONVERSION = YES;
				CLANG_WARN_DEPRECATED_OBJC_IMPLEMENTATIONS = YES;
				CLANG_WARN_DIRECT_OBJC_ISA_USAGE = YES_ERROR;
				CLANG_WARN_DOCUMENTATION_COMMENTS = YES;
				CLANG_WARN_EMPTY_BODY = YES;
				CLANG_WARN_ENUM_CONVERSION = YES;
				CLANG_WARN_INFINITE_RECURSION = YES;
				CLANG_WARN_INT_CONVERSION = YES;
				CLANG_WARN_NON_LITERAL_NULL_CONVERSION = YES;
				CLANG_WARN_OBJC_IMPLICIT_RETAIN_SELF = YES;
				CLANG_WARN_OBJC_LITERAL_CONVERSION = YES;
				CLANG_WARN_OBJC_ROOT_CLASS = YES_ERROR;
				CLANG_WARN_RANGE_LOOP_ANALYSIS = YES;
				CLANG_WARN_STRICT_PROTOTYPES = YES;
				CLANG_WARN_SUSPICIOUS_MOVE = YES;
				CLANG_WARN_UNGUARDED_AVAILABILITY = YES_AGGRESSIVE;
				CLANG_WARN_UNREACHABLE_CODE = YES;
				CLANG_WARN__DUPLICATE_METHOD_MATCH = YES;
				COPY_PHASE_STRIP = NO;
				DEBUG_INFORMATION_FORMAT = dwarf;
				ENABLE_STRICT_OBJC_MSGSEND = YES;
				ENABLE_TESTABILITY = YES;
				GCC_C_LANGUAGE_STANDARD = gnu11;
				GCC_DYNAMIC_NO_PIC = NO;
				GCC_NO_COMMON_BLOCKS = YES;
				GCC_OPTIMIZATION_LEVEL = 0;
				GCC_PREPROCESSOR_DEFINITIONS = (
					"DEBUG=1",
					"$(inherited)",
				);
				GCC_WARN_64_TO_32_BIT_CONVERSION = YES;
				GCC_WARN_ABOUT_RETURN_TYPE = YES_ERROR;
				GCC_WARN_UNDECLARED_SELECTOR = YES;
				GCC_WARN_UNINITIALIZED_AUTOS = YES_AGGRESSIVE;
				GCC_WARN_UNUSED_FUNCTION = YES;
				GCC_WARN_UNUSED_VARIABLE = YES;
				IPHONEOS_DEPLOYMENT_TARGET = 9.0;
				MTL_ENABLE_DEBUG_INFO = INCLUDE_SOURCE;
				MTL_FAST_MATH = YES;
				ONLY_ACTIVE_ARCH = YES;
				SDKROOT = iphoneos;
			};
			name = Debug;
		};
		D8526CC1248DE8270056A13C /* Release */ = {
			isa = XCBuildConfiguration;
			buildSettings = {
				ALWAYS_SEARCH_USER_PATHS = NO;
				CLANG_ANALYZER_NONNULL = YES;
				CLANG_ANALYZER_NUMBER_OBJECT_CONVERSION = YES_AGGRESSIVE;
				CLANG_CXX_LANGUAGE_STANDARD = "gnu++14";
				CLANG_CXX_LIBRARY = "libc++";
				CLANG_ENABLE_MODULES = YES;
				CLANG_ENABLE_OBJC_ARC = YES;
				CLANG_ENABLE_OBJC_WEAK = YES;
				CLANG_WARN_BLOCK_CAPTURE_AUTORELEASING = YES;
				CLANG_WARN_BOOL_CONVERSION = YES;
				CLANG_WARN_COMMA = YES;
				CLANG_WARN_CONSTANT_CONVERSION = YES;
				CLANG_WARN_DEPRECATED_OBJC_IMPLEMENTATIONS = YES;
				CLANG_WARN_DIRECT_OBJC_ISA_USAGE = YES_ERROR;
				CLANG_WARN_DOCUMENTATION_COMMENTS = YES;
				CLANG_WARN_EMPTY_BODY = YES;
				CLANG_WARN_ENUM_CONVERSION = YES;
				CLANG_WARN_INFINITE_RECURSION = YES;
				CLANG_WARN_INT_CONVERSION = YES;
				CLANG_WARN_NON_LITERAL_NULL_CONVERSION = YES;
				CLANG_WARN_OBJC_IMPLICIT_RETAIN_SELF = YES;
				CLANG_WARN_OBJC_LITERAL_CONVERSION = YES;
				CLANG_WARN_OBJC_ROOT_CLASS = YES_ERROR;
				CLANG_WARN_RANGE_LOOP_ANALYSIS = YES;
				CLANG_WARN_STRICT_PROTOTYPES = YES;
				CLANG_WARN_SUSPICIOUS_MOVE = YES;
				CLANG_WARN_UNGUARDED_AVAILABILITY = YES_AGGRESSIVE;
				CLANG_WARN_UNREACHABLE_CODE = YES;
				CLANG_WARN__DUPLICATE_METHOD_MATCH = YES;
				COPY_PHASE_STRIP = NO;
				DEBUG_INFORMATION_FORMAT = "dwarf-with-dsym";
				ENABLE_NS_ASSERTIONS = NO;
				ENABLE_STRICT_OBJC_MSGSEND = YES;
				GCC_C_LANGUAGE_STANDARD = gnu11;
				GCC_NO_COMMON_BLOCKS = YES;
				GCC_WARN_64_TO_32_BIT_CONVERSION = YES;
				GCC_WARN_ABOUT_RETURN_TYPE = YES_ERROR;
				GCC_WARN_UNDECLARED_SELECTOR = YES;
				GCC_WARN_UNINITIALIZED_AUTOS = YES_AGGRESSIVE;
				GCC_WARN_UNUSED_FUNCTION = YES;
				GCC_WARN_UNUSED_VARIABLE = YES;
				IPHONEOS_DEPLOYMENT_TARGET = 9.0;
				MTL_ENABLE_DEBUG_INFO = NO;
				MTL_FAST_MATH = YES;
				SDKROOT = iphoneos;
				VALIDATE_PRODUCT = YES;
			};
			name = Release;
		};
		D8526CC3248DE8270056A13C /* Debug */ = {
			isa = XCBuildConfiguration;
			baseConfigurationReference = DEC2408B46B9F2C246D9B86F /* Pods-ODPushSDKSample.debug.xcconfig */;
			buildSettings = {
				ASSETCATALOG_COMPILER_APPICON_NAME = AppIcon;
				CODE_SIGN_ENTITLEMENTS = ODPushSDKSample/ODPushSDKSample.entitlements;
				CODE_SIGN_STYLE = Automatic;
				DEVELOPMENT_TEAM = TVSH9W54D7;
				ENABLE_BITCODE = NO;
				FRAMEWORK_SEARCH_PATHS = (
					"$(inherited)",
					"$(PROJECT_DIR)/ODPushSDKSample/SDK",
					"$(PROJECT_DIR)/ODPushSDKSample/SDK/Require",
				);
				INFOPLIST_FILE = ODPushSDKSample/Info.plist;
				LD_RUNPATH_SEARCH_PATHS = (
					"$(inherited)",
					"@executable_path/Frameworks",
				);
				OTHER_LDFLAGS = (
					"$(inherited)",
					"-framework",
					"\"CoreGraphics\"",
					"-framework",
					"\"Foundation\"",
					"-framework",
					"\"IQKeyboardManager\"",
					"-framework",
					"\"QuartzCore\"",
					"-framework",
					"\"UIKit\"",
					"-framework",
					"\"UITextView_WZB\"",
					"-ObjC",
				);
				PRODUCT_BUNDLE_IDENTIFIER = com.odin.ODPushSDKSample;
				PRODUCT_NAME = ODPushSDKSample;
				TARGETED_DEVICE_FAMILY = 1;
			};
			name = Debug;
		};
		D8526CC4248DE8270056A13C /* Release */ = {
			isa = XCBuildConfiguration;
			baseConfigurationReference = E7449D40C10E8A3BB1E99A6E /* Pods-ODPushSDKSample.release.xcconfig */;
			buildSettings = {
				ASSETCATALOG_COMPILER_APPICON_NAME = AppIcon;
				CODE_SIGN_ENTITLEMENTS = ODPushSDKSample/ODPushSDKSample.entitlements;
				CODE_SIGN_STYLE = Automatic;
				DEVELOPMENT_TEAM = TVSH9W54D7;
				ENABLE_BITCODE = NO;
				FRAMEWORK_SEARCH_PATHS = (
					"$(inherited)",
					"$(PROJECT_DIR)/ODPushSDKSample/SDK",
					"$(PROJECT_DIR)/ODPushSDKSample/SDK/Require",
				);
				INFOPLIST_FILE = ODPushSDKSample/Info.plist;
				LD_RUNPATH_SEARCH_PATHS = (
					"$(inherited)",
					"@executable_path/Frameworks",
				);
				OTHER_LDFLAGS = (
					"$(inherited)",
					"-framework",
					"\"CoreGraphics\"",
					"-framework",
					"\"Foundation\"",
					"-framework",
					"\"IQKeyboardManager\"",
					"-framework",
					"\"QuartzCore\"",
					"-framework",
					"\"UIKit\"",
					"-framework",
					"\"UITextView_WZB\"",
					"-ObjC",
				);
				PRODUCT_BUNDLE_IDENTIFIER = com.odin.ODPushSDKSample;
				PRODUCT_NAME = ODPushSDKSample;
				TARGETED_DEVICE_FAMILY = 1;
			};
			name = Release;
		};
/* End XCBuildConfiguration section */

/* Begin XCConfigurationList section */
		D8526CA4248DE8260056A13C /* Build configuration list for PBXProject "ODPushSDKSample" */ = {
			isa = XCConfigurationList;
			buildConfigurations = (
				D8526CC0248DE8270056A13C /* Debug */,
				D8526CC1248DE8270056A13C /* Release */,
			);
			defaultConfigurationIsVisible = 0;
			defaultConfigurationName = Release;
		};
		D8526CC2248DE8270056A13C /* Build configuration list for PBXNativeTarget "ODPushSDKSample" */ = {
			isa = XCConfigurationList;
			buildConfigurations = (
				D8526CC3248DE8270056A13C /* Debug */,
				D8526CC4248DE8270056A13C /* Release */,
			);
			defaultConfigurationIsVisible = 0;
			defaultConfigurationName = Release;
		};
/* End XCConfigurationList section */
	};
	rootObject = D8526CA1248DE8260056A13C /* Project object */;
}
